
Microsoft Visual Studio Solution File, Format Version 12.00
# Visual Studio Version 16
VisualStudioVersion = 16.0.32126.315
MinimumVisualStudioVersion = 10.0.40219.1
Project("{FAE04EC0-301F-11D3-BF4B-00C04F79EFBC}") = "Moq1", "Moq1\Moq1.csproj", "{CF97AAFE-B8FE-46C0-8ABC-2590EF77839E}"
EndProject
Global
	GlobalSection(SolutionConfigurationPlatforms) = preSolution
		Debug|Any CPU = Debug|Any CPU
		Release|Any CPU = Release|Any CPU
	EndGlobalSection
	GlobalSection(ProjectConfigurationPlatforms) = postSolution
		{CF97AAFE-B8FE-46C0-8ABC-2590EF77839E}.Debug|Any CPU.ActiveCfg = Debug|Any CPU
		{CF97AAFE-B8FE-46C0-8ABC-2590EF77839E}.Debug|Any CPU.Build.0 = Debug|Any CPU
		{CF97AAFE-B8FE-46C0-8ABC-2590EF77839E}.Release|Any CPU.ActiveCfg = Release|Any CPU
		{CF97AAFE-B8FE-46C0-8ABC-2590EF77839E}.Release|Any CPU.Build.0 = Release|Any CPU
	EndGlobalSection
	GlobalSection(SolutionProperties) = preSolution
		HideSolutionNode = FALSE
	EndGlobalSection
	GlobalSection(ExtensibilityGlobals) = postSolution
		SolutionGuid = {9C7BC34B-3205-4DE5-9B5D-EC5EC7CB69CC}
	EndGlobalSection
EndGlobal
